
Microsoft Visual Studio Solution File, Format Version 12.00
# Visual Studio 15
VisualStudioVersion = 15.0.26730.12
MinimumVisualStudioVersion = 10.0.40219.1
Project("{9A19103F-16F7-4668-BE54-9A1E7A4F7556}") = "bank-utilities", "bank-utilities\bank-utilities.csproj", "{9F61188A-FA73-4A2E-96AA-5B2CFA41294D}"
EndProject
Project("{9A19103F-16F7-4668-BE54-9A1E7A4F7556}") = "bban-validator", "bban-validator\bban-validator.csproj", "{D70ABBA5-23E4-4FB8-8D16-981E27AE1503}"
EndProject
Project("{9A19103F-16F7-4668-BE54-9A1E7A4F7556}") = "reference-number-app", "reference-number-app\reference-number-app.csproj", "{C338B31E-0FCC-437E-BA34-9FE06DA98848}"
EndProject
Project("{9A19103F-16F7-4668-BE54-9A1E7A4F7556}") = "int-reference-number-app", "int-reference-number-app\int-reference-number-app.csproj", "{DDEDAEF1-375E-4352-8241-D520D3A4F96A}"
EndProject
Project("{FAE04EC0-301F-11D3-BF4B-00C04F79EFBC}") = "virtual-bar-code", "virtual-bar-core\virtual-bar-code.csproj", "{1C446A49-CBD8-4941-AC31-791EA7F78921}"
EndProject
Global
	GlobalSection(SolutionConfigurationPlatforms) = preSolution
		Debug|Any CPU = Debug|Any CPU
		Release|Any CPU = Release|Any CPU
	EndGlobalSection
	GlobalSection(ProjectConfigurationPlatforms) = postSolution
		{9F61188A-FA73-4A2E-96AA-5B2CFA41294D}.Debug|Any CPU.ActiveCfg = Debug|Any CPU
		{9F61188A-FA73-4A2E-96AA-5B2CFA41294D}.Debug|Any CPU.Build.0 = Debug|Any CPU
		{9F61188A-FA73-4A2E-96AA-5B2CFA41294D}.Release|Any CPU.ActiveCfg = Release|Any CPU
		{9F61188A-FA73-4A2E-96AA-5B2CFA41294D}.Release|Any CPU.Build.0 = Release|Any CPU
		{D70ABBA5-23E4-4FB8-8D16-981E27AE1503}.Debug|Any CPU.ActiveCfg = Debug|Any CPU
		{D70ABBA5-23E4-4FB8-8D16-981E27AE1503}.Debug|Any CPU.Build.0 = Debug|Any CPU
		{D70ABBA5-23E4-4FB8-8D16-981E27AE1503}.Release|Any CPU.ActiveCfg = Release|Any CPU
		{D70ABBA5-23E4-4FB8-8D16-981E27AE1503}.Release|Any CPU.Build.0 = Release|Any CPU
		{C338B31E-0FCC-437E-BA34-9FE06DA98848}.Debug|Any CPU.ActiveCfg = Debug|Any CPU
		{C338B31E-0FCC-437E-BA34-9FE06DA98848}.Debug|Any CPU.Build.0 = Debug|Any CPU
		{C338B31E-0FCC-437E-BA34-9FE06DA98848}.Release|Any CPU.ActiveCfg = Release|Any CPU
		{C338B31E-0FCC-437E-BA34-9FE06DA98848}.Release|Any CPU.Build.0 = Release|Any CPU
		{DDEDAEF1-375E-4352-8241-D520D3A4F96A}.Debug|Any CPU.ActiveCfg = Debug|Any CPU
		{DDEDAEF1-375E-4352-8241-D520D3A4F96A}.Debug|Any CPU.Build.0 = Debug|Any CPU
		{DDEDAEF1-375E-4352-8241-D520D3A4F96A}.Release|Any CPU.ActiveCfg = Release|Any CPU
		{DDEDAEF1-375E-4352-8241-D520D3A4F96A}.Release|Any CPU.Build.0 = Release|Any CPU
		{1C446A49-CBD8-4941-AC31-791EA7F78921}.Debug|Any CPU.ActiveCfg = Debug|Any CPU
		{1C446A49-CBD8-4941-AC31-791EA7F78921}.Debug|Any CPU.Build.0 = Debug|Any CPU
		{1C446A49-CBD8-4941-AC31-791EA7F78921}.Release|Any CPU.ActiveCfg = Release|Any CPU
		{1C446A49-CBD8-4941-AC31-791EA7F78921}.Release|Any CPU.Build.0 = Release|Any CPU
	EndGlobalSection
	GlobalSection(SolutionProperties) = preSolution
		HideSolutionNode = FALSE
	EndGlobalSection
	GlobalSection(ExtensibilityGlobals) = postSolution
		SolutionGuid = {A5078F89-DC19-4FCC-90FA-5FBD713F0144}
	EndGlobalSection
EndGlobal
